<?xml version="1.0" encoding="utf-8"?>
<Project ToolsVersion="4.0" xmlns="http://schemas.microsoft.com/developer/msbuild/2003">
  <ItemGroup>
    <Filter Include="Source Files">
      <UniqueIdentifier>{4FC737F1-C7A5-4376-A066-2A32D752A2FF}</UniqueIdentifier>
      <Extensions>cpp;c;cc;cxx;def;odl;idl;hpj;bat;asm;asmx</Extensions>
    </Filter>
    <Filter Include="Header Files">
      <UniqueIdentifier>{93995380-89BD-4b04-88EB-625FBE52EBFB}</UniqueIdentifier>
      <Extensions>h;hh;hpp;hxx;hm;inl;inc;ipp;xsd</Extensions>
    </Filter>
    <Filter Include="Resource Files">
      <UniqueIdentifier>{67DA6AB6-F800-4c08-8B7A-83BB121AAD01}</UniqueIdentifier>
      <Extensions>rc;ico;cur;bmp;dlg;rc2;rct;bin;rgs;gif;jpg;jpeg;jpe;resx;tiff;tif;png;wav;mfcribbon-ms</Extensions>
    </Filter>
    <Filter Include="Enemys">
      <UniqueIdentifier>{ab427fea-bb6a-43e0-9139-6d0c0d968072}</UniqueIdentifier>
    </Filter>
    <Filter Include="Projectiles">
      <UniqueIdentifier>{9f5e701f-a9cb-448c-8691-0991a76dc60f}</UniqueIdentifier>
    </Filter>
    <Filter Include="Utilities">
      <UniqueIdentifier>{178630d2-0401-4980-9fbc-910aa7083358}</UniqueIdentifier>
    </Filter>
    <Filter Include="Player">
      <UniqueIdentifier>{6dc34269-2c41-40e6-8423-f2b551e2f311}</UniqueIdentifier>
    </Filter>
    <Filter Include="Level">
      <UniqueIdentifier>{39ec4672-2adc-4f3a-b42d-89c1da57fdb3}</UniqueIdentifier>
    </Filter>
  </ItemGroup>
  <ItemGroup>
    <ClCompile Include="BHTuesday.cpp">
      <Filter>Source Files</Filter>
    </ClCompile>
    <ClCompile Include="CEnemy.cpp">
      <Filter>Enemys</Filter>
    </ClCompile>
    <ClCompile Include="CProjectile.cpp">
      <Filter>Projectiles</Filter>
    </ClCompile>
    <ClCompile Include="CButton.cpp">
      <Filter>Utilities</Filter>
    </ClCompile>
    <ClCompile Include="CGameManager.cpp">
      <Filter>Utilities</Filter>
    </ClCompile>
    <ClCompile Include="CVector2.cpp">
      <Filter>Utilities</Filter>
    </ClCompile>
    <ClCompile Include="CPlayer.cpp">
      <Filter>Player</Filter>
    </ClCompile>
    <ClCompile Include="CLevelEditor.cpp">
      <Filter>Level</Filter>
    </ClCompile>
    <ClCompile Include="CAssetManager.cpp">
      <Filter>Utilities</Filter>
    </ClCompile>
    <ClCompile Include="Wave.cpp">
      <Filter>Level</Filter>
    </ClCompile>
    <ClCompile Include="EnemyKamikaze.cpp">
      <Filter>Enemys</Filter>
    </ClCompile>
    <ClCompile Include="EnemyPellets.cpp">
      <Filter>Enemys</Filter>
    </ClCompile>
  </ItemGroup>
  <ItemGroup>
    <ClInclude Include="CEnemy.h">
      <Filter>Enemys</Filter>
    </ClInclude>
    <ClInclude Include="CProjectile.h">
      <Filter>Projectiles</Filter>
    </ClInclude>
    <ClInclude Include="CGameManager.h">
      <Filter>Utilities</Filter>
    </ClInclude>
    <ClInclude Include="CVector2.h">
      <Filter>Utilities</Filter>
    </ClInclude>
    <ClInclude Include="Defines.h">
      <Filter>Utilities</Filter>
    </ClInclude>
    <ClInclude Include="CButton.h">
      <Filter>Utilities</Filter>
    </ClInclude>
    <ClInclude Include="CPlayer.h">
      <Filter>Player</Filter>
    </ClInclude>
    <ClInclude Include="CLevelEditor.h">
      <Filter>Level</Filter>
    </ClInclude>
    <ClInclude Include="CAssetManager.h">
      <Filter>Utilities</Filter>
    </ClInclude>
    <ClInclude Include="Level.h">
      <Filter>Level</Filter>
    </ClInclude>
    <ClInclude Include="Wave.h">
      <Filter>Level</Filter>
    </ClInclude>
    <ClInclude Include="Text.h">
      <Filter>Utilities</Filter>
    </ClInclude>
    <ClInclude Include="Image.h">
      <Filter>Utilities</Filter>
    </ClInclude>
    <ClInclude Include="EnemyKamikaze.h">
      <Filter>Enemys</Filter>
    </ClInclude>
    <ClInclude Include="EnemyPellets.h">
      <Filter>Enemys</Filter>
    </ClInclude>
    <ClInclude Include="EnemySubclassIncluder.h">
      <Filter>Enemys</Filter>
    </ClInclude>
  </ItemGroup>
  <ItemGroup>
    <None Include="ClassDiagram3.cd" />
  </ItemGroup>
</Project>